
Microsoft Visual Studio Solution File, Format Version 12.00
# Visual Studio Version 16
VisualStudioVersion = 16.0.29009.5
MinimumVisualStudioVersion = 10.0.40219.1
Project("{9A19103F-16F7-4668-BE54-9A1E7A4F7556}") = "ConsoleApp3", "ConsoleApp3\ConsoleApp3.csproj", "{F4BD1F05-482C-4668-81BC-1B18E7DE7601}"
EndProject
Project("{FAE04EC0-301F-11D3-BF4B-00C04F79EFBC}") = "WeShare.PropertyWrapper", "WeShare.PropertyWrapper\WeShare.PropertyWrapper.csproj", "{EAA7C9A9-8BEB-4E7B-A4B9-99461334B268}"
EndProject
Global
	GlobalSection(SolutionConfigurationPlatforms) = preSolution
		Debug|Any CPU = Debug|Any CPU
		Release|Any CPU = Release|Any CPU
	EndGlobalSection
	GlobalSection(ProjectConfigurationPlatforms) = postSolution
		{F4BD1F05-482C-4668-81BC-1B18E7DE7601}.Debug|Any CPU.ActiveCfg = Debug|Any CPU
		{F4BD1F05-482C-4668-81BC-1B18E7DE7601}.Debug|Any CPU.Build.0 = Debug|Any CPU
		{F4BD1F05-482C-4668-81BC-1B18E7DE7601}.Release|Any CPU.ActiveCfg = Release|Any CPU
		{F4BD1F05-482C-4668-81BC-1B18E7DE7601}.Release|Any CPU.Build.0 = Release|Any CPU
		{EAA7C9A9-8BEB-4E7B-A4B9-99461334B268}.Debug|Any CPU.ActiveCfg = Debug|Any CPU
		{EAA7C9A9-8BEB-4E7B-A4B9-99461334B268}.Debug|Any CPU.Build.0 = Debug|Any CPU
		{EAA7C9A9-8BEB-4E7B-A4B9-99461334B268}.Release|Any CPU.ActiveCfg = Release|Any CPU
		{EAA7C9A9-8BEB-4E7B-A4B9-99461334B268}.Release|Any CPU.Build.0 = Release|Any CPU
	EndGlobalSection
	GlobalSection(SolutionProperties) = preSolution
		HideSolutionNode = FALSE
	EndGlobalSection
	GlobalSection(ExtensibilityGlobals) = postSolution
		SolutionGuid = {87F6BD46-7E11-4DE4-A8E9-1EE4B78EBCFA}
	EndGlobalSection
EndGlobal
